
Microsoft Visual Studio Solution File, Format Version 12.00
# Visual Studio Version 16
VisualStudioVersion = 16.0.29920.165
MinimumVisualStudioVersion = 10.0.40219.1
Project("{FAE04EC0-301F-11D3-BF4B-00C04F79EFBC}") = "InventoryManagerApp", "InventoryManagerApp\InventoryManagerApp.csproj", "{47AAAF10-94B2-427D-8A9E-633B11D2642F}"
EndProject
Global
	GlobalSection(SolutionConfigurationPlatforms) = preSolution
		Debug|Any CPU = Debug|Any CPU
		Release|Any CPU = Release|Any CPU
	EndGlobalSection
	GlobalSection(ProjectConfigurationPlatforms) = postSolution
		{47AAAF10-94B2-427D-8A9E-633B11D2642F}.Debug|Any CPU.ActiveCfg = Debug|Any CPU
		{47AAAF10-94B2-427D-8A9E-633B11D2642F}.Debug|Any CPU.Build.0 = Debug|Any CPU
		{47AAAF10-94B2-427D-8A9E-633B11D2642F}.Release|Any CPU.ActiveCfg = Release|Any CPU
		{47AAAF10-94B2-427D-8A9E-633B11D2642F}.Release|Any CPU.Build.0 = Release|Any CPU
	EndGlobalSection
	GlobalSection(SolutionProperties) = preSolution
		HideSolutionNode = FALSE
	EndGlobalSection
	GlobalSection(ExtensibilityGlobals) = postSolution
		SolutionGuid = {BD050E21-312D-4434-B84D-64EC5EF089B9}
	EndGlobalSection
EndGlobal
